// !$*UTF8*$!
{
	archiveVersion = 1;
	classes = {
	};
	objectVersion = 56;
	objects = {

/* Begin PBXBuildFile section */
		C46196842C0D417F007D3B6B /* AppDelegate.swift in Sources */ = {isa = PBXBuildFile; fileRef = C46196832C0D417F007D3B6B /* AppDelegate.swift */; };
		C46196862C0D417F007D3B6B /* SceneDelegate.swift in Sources */ = {isa = PBXBuildFile; fileRef = C46196852C0D417F007D3B6B /* SceneDelegate.swift */; };
		C46196882C0D417F007D3B6B /* ViewController.swift in Sources */ = {isa = PBXBuildFile; fileRef = C46196872C0D417F007D3B6B /* ViewController.swift */; };
		C461968B2C0D417F007D3B6B /* Base in Resources */ = {isa = PBXBuildFile; fileRef = C461968A2C0D417F007D3B6B /* Base */; };
		C461968D2C0D4180007D3B6B /* Assets.xcassets in Resources */ = {isa = PBXBuildFile; fileRef = C461968C2C0D4180007D3B6B /* Assets.xcassets */; };
		C46196902C0D4180007D3B6B /* Base in Resources */ = {isa = PBXBuildFile; fileRef = C461968F2C0D4180007D3B6B /* Base */; };
		C46196992C0D42F1007D3B6B /* BasicTableViewCell.swift in Sources */ = {isa = PBXBuildFile; fileRef = C46196972C0D42F1007D3B6B /* BasicTableViewCell.swift */; };
		C461969A2C0D42F1007D3B6B /* BasicTableViewCell.xib in Resources */ = {isa = PBXBuildFile; fileRef = C46196982C0D42F1007D3B6B /* BasicTableViewCell.xib */; };
		C461969D2C0D458F007D3B6B /* ReuseableProtocol.swift in Sources */ = {isa = PBXBuildFile; fileRef = C461969C2C0D458F007D3B6B /* ReuseableProtocol.swift */; };
		C46196A12C0D57E3007D3B6B /* UIColor+Extension.swift in Sources */ = {isa = PBXBuildFile; fileRef = C46196A02C0D57E3007D3B6B /* UIColor+Extension.swift */; };
		C46196A32C0D5A39007D3B6B /* UserViewController.swift in Sources */ = {isa = PBXBuildFile; fileRef = C46196A22C0D5A39007D3B6B /* UserViewController.swift */; };
		C46196A62C0D5F32007D3B6B /* AddEditViewController.swift in Sources */ = {isa = PBXBuildFile; fileRef = C46196A52C0D5F31007D3B6B /* AddEditViewController.swift */; };
		C46196C12C0E9910007D3B6B /* FrameViewController.swift in Sources */ = {isa = PBXBuildFile; fileRef = C46196C02C0E9910007D3B6B /* FrameViewController.swift */; };
		C46196C32C0EA264007D3B6B /* ConstraintsViewController.swift in Sources */ = {isa = PBXBuildFile; fileRef = C46196C22C0EA264007D3B6B /* ConstraintsViewController.swift */; };
		C46196C62C0EB1C2007D3B6B /* SnapKit in Frameworks */ = {isa = PBXBuildFile; productRef = C46196C52C0EB1C2007D3B6B /* SnapKit */; };
		C46196C82C0EB311007D3B6B /* SnapViewController.swift in Sources */ = {isa = PBXBuildFile; fileRef = C46196C72C0EB311007D3B6B /* SnapViewController.swift */; };
		C46196CA2C0EBC17007D3B6B /* Snap2ViewController.swift in Sources */ = {isa = PBXBuildFile; fileRef = C46196C92C0EBC17007D3B6B /* Snap2ViewController.swift */; };
		C46196CD2C0EED59007D3B6B /* LottoViewController.swift in Sources */ = {isa = PBXBuildFile; fileRef = C46196CC2C0EED59007D3B6B /* LottoViewController.swift */; };
		C46196D02C0EEDB7007D3B6B /* Alamofire in Frameworks */ = {isa = PBXBuildFile; productRef = C46196CF2C0EEDB7007D3B6B /* Alamofire */; };
		C47479F42C24037B00D421D7 /* Network.swift in Sources */ = {isa = PBXBuildFile; fileRef = C47479F32C24037B00D421D7 /* Network.swift */; };
/* End PBXBuildFile section */

/* Begin PBXFileReference section */
		C46196802C0D417F007D3B6B /* network-basic.app */ = {isa = PBXFileReference; explicitFileType = wrapper.application; includeInIndex = 0; path = "network-basic.app"; sourceTree = BUILT_PRODUCTS_DIR; };
		C46196832C0D417F007D3B6B /* AppDelegate.swift */ = {isa = PBXFileReference; lastKnownFileType = sourcecode.swift; path = AppDelegate.swift; sourceTree = "<group>"; };
		C46196852C0D417F007D3B6B /* SceneDelegate.swift */ = {isa = PBXFileReference; lastKnownFileType = sourcecode.swift; path = SceneDelegate.swift; sourceTree = "<group>"; };
		C46196872C0D417F007D3B6B /* ViewController.swift */ = {isa = PBXFileReference; lastKnownFileType = sourcecode.swift; path = ViewController.swift; sourceTree = "<group>"; };
		C461968A2C0D417F007D3B6B /* Base */ = {isa = PBXFileReference; lastKnownFileType = file.storyboard; name = Base; path = Base.lproj/Main.storyboard; sourceTree = "<group>"; };
		C461968C2C0D4180007D3B6B /* Assets.xcassets */ = {isa = PBXFileReference; lastKnownFileType = folder.assetcatalog; path = Assets.xcassets; sourceTree = "<group>"; };
		C461968F2C0D4180007D3B6B /* Base */ = {isa = PBXFileReference; lastKnownFileType = file.storyboard; name = Base; path = Base.lproj/LaunchScreen.storyboard; sourceTree = "<group>"; };
		C46196912C0D4180007D3B6B /* Info.plist */ = {isa = PBXFileReference; lastKnownFileType = text.plist.xml; path = Info.plist; sourceTree = "<group>"; };
		C46196972C0D42F1007D3B6B /* BasicTableViewCell.swift */ = {isa = PBXFileReference; lastKnownFileType = sourcecode.swift; path = BasicTableViewCell.swift; sourceTree = "<group>"; };
		C46196982C0D42F1007D3B6B /* BasicTableViewCell.xib */ = {isa = PBXFileReference; lastKnownFileType = file.xib; path = BasicTableViewCell.xib; sourceTree = "<group>"; };
		C461969C2C0D458F007D3B6B /* ReuseableProtocol.swift */ = {isa = PBXFileReference; lastKnownFileType = sourcecode.swift; path = ReuseableProtocol.swift; sourceTree = "<group>"; };
		C46196A02C0D57E3007D3B6B /* UIColor+Extension.swift */ = {isa = PBXFileReference; lastKnownFileType = sourcecode.swift; path = "UIColor+Extension.swift"; sourceTree = "<group>"; };
		C46196A22C0D5A39007D3B6B /* UserViewController.swift */ = {isa = PBXFileReference; lastKnownFileType = sourcecode.swift; path = UserViewController.swift; sourceTree = "<group>"; };
		C46196A52C0D5F31007D3B6B /* AddEditViewController.swift */ = {isa = PBXFileReference; lastKnownFileType = sourcecode.swift; path = AddEditViewController.swift; sourceTree = "<group>"; };
		C46196C02C0E9910007D3B6B /* FrameViewController.swift */ = {isa = PBXFileReference; lastKnownFileType = sourcecode.swift; path = FrameViewController.swift; sourceTree = "<group>"; };
		C46196C22C0EA264007D3B6B /* ConstraintsViewController.swift */ = {isa = PBXFileReference; lastKnownFileType = sourcecode.swift; path = ConstraintsViewController.swift; sourceTree = "<group>"; };
		C46196C72C0EB311007D3B6B /* SnapViewController.swift */ = {isa = PBXFileReference; lastKnownFileType = sourcecode.swift; path = SnapViewController.swift; sourceTree = "<group>"; };
		C46196C92C0EBC17007D3B6B /* Snap2ViewController.swift */ = {isa = PBXFileReference; lastKnownFileType = sourcecode.swift; path = Snap2ViewController.swift; sourceTree = "<group>"; };
		C46196CC2C0EED59007D3B6B /* LottoViewController.swift */ = {isa = PBXFileReference; lastKnownFileType = sourcecode.swift; path = LottoViewController.swift; sourceTree = "<group>"; };
		C47479F32C24037B00D421D7 /* Network.swift */ = {isa = PBXFileReference; lastKnownFileType = sourcecode.swift; path = Network.swift; sourceTree = "<group>"; };
/* End PBXFileReference section */

/* Begin PBXFrameworksBuildPhase section */
		C461967D2C0D417F007D3B6B /* Frameworks */ = {
			isa = PBXFrameworksBuildPhase;
			buildActionMask = 2147483647;
			files = (
				C46196C62C0EB1C2007D3B6B /* SnapKit in Frameworks */,
				C46196D02C0EEDB7007D3B6B /* Alamofire in Frameworks */,
			);
			runOnlyForDeploymentPostprocessing = 0;
		};
/* End PBXFrameworksBuildPhase section */

/* Begin PBXGroup section */
		C46196772C0D417F007D3B6B = {
			isa = PBXGroup;
			children = (
				C46196822C0D417F007D3B6B /* network-basic */,
				C46196812C0D417F007D3B6B /* Products */,
			);
			sourceTree = "<group>";
		};
		C46196812C0D417F007D3B6B /* Products */ = {
			isa = PBXGroup;
			children = (
				C46196802C0D417F007D3B6B /* network-basic.app */,
			);
			name = Products;
			sourceTree = "<group>";
		};
		C46196822C0D417F007D3B6B /* network-basic */ = {
			isa = PBXGroup;
			children = (
				C46196CB2C0EED3B007D3B6B /* Network */,
				C46196BF2C0E98BD007D3B6B /* Codebase */,
				C461969E2C0D4594007D3B6B /* Protocol */,
				C461969F2C0D57D7007D3B6B /* Extension */,
				C46196A42C0D5F12007D3B6B /* Controller */,
				C461969B2C0D42F8007D3B6B /* Cell */,
				C46196832C0D417F007D3B6B /* AppDelegate.swift */,
				C46196852C0D417F007D3B6B /* SceneDelegate.swift */,
				C46196892C0D417F007D3B6B /* Main.storyboard */,
				C461968C2C0D4180007D3B6B /* Assets.xcassets */,
				C461968E2C0D4180007D3B6B /* LaunchScreen.storyboard */,
				C46196912C0D4180007D3B6B /* Info.plist */,
				C47479F32C24037B00D421D7 /* Network.swift */,
			);
			path = "network-basic";
			sourceTree = "<group>";
		};
		C461969B2C0D42F8007D3B6B /* Cell */ = {
			isa = PBXGroup;
			children = (
				C46196972C0D42F1007D3B6B /* BasicTableViewCell.swift */,
				C46196982C0D42F1007D3B6B /* BasicTableViewCell.xib */,
			);
			path = Cell;
			sourceTree = "<group>";
		};
		C461969E2C0D4594007D3B6B /* Protocol */ = {
			isa = PBXGroup;
			children = (
				C461969C2C0D458F007D3B6B /* ReuseableProtocol.swift */,
			);
			path = Protocol;
			sourceTree = "<group>";
		};
		C461969F2C0D57D7007D3B6B /* Extension */ = {
			isa = PBXGroup;
			children = (
				C46196A02C0D57E3007D3B6B /* UIColor+Extension.swift */,
			);
			path = Extension;
			sourceTree = "<group>";
		};
		C46196A42C0D5F12007D3B6B /* Controller */ = {
			isa = PBXGroup;
			children = (
				C46196872C0D417F007D3B6B /* ViewController.swift */,
				C46196A22C0D5A39007D3B6B /* UserViewController.swift */,
				C46196A52C0D5F31007D3B6B /* AddEditViewController.swift */,
			);
			path = Controller;
			sourceTree = "<group>";
		};
		C46196BF2C0E98BD007D3B6B /* Codebase */ = {
			isa = PBXGroup;
			children = (
				C46196C02C0E9910007D3B6B /* FrameViewController.swift */,
				C46196C22C0EA264007D3B6B /* ConstraintsViewController.swift */,
				C46196C72C0EB311007D3B6B /* SnapViewController.swift */,
				C46196C92C0EBC17007D3B6B /* Snap2ViewController.swift */,
			);
			path = Codebase;
			sourceTree = "<group>";
		};
		C46196CB2C0EED3B007D3B6B /* Network */ = {
			isa = PBXGroup;
			children = (
				C46196CC2C0EED59007D3B6B /* LottoViewController.swift */,
			);
			path = Network;
			sourceTree = "<group>";
		};
/* End PBXGroup section */

/* Begin PBXNativeTarget section */
		C461967F2C0D417F007D3B6B /* network-basic */ = {
			isa = PBXNativeTarget;
			buildConfigurationList = C46196942C0D4180007D3B6B /* Build configuration list for PBXNativeTarget "network-basic" */;
			buildPhases = (
				C461967C2C0D417F007D3B6B /* Sources */,
				C461967D2C0D417F007D3B6B /* Frameworks */,
				C461967E2C0D417F007D3B6B /* Resources */,
			);
			buildRules = (
			);
			dependencies = (
			);
			name = "network-basic";
			packageProductDependencies = (
				C46196C52C0EB1C2007D3B6B /* SnapKit */,
				C46196CF2C0EEDB7007D3B6B /* Alamofire */,
			);
			productName = "network-basic";
			productReference = C46196802C0D417F007D3B6B /* network-basic.app */;
			productType = "com.apple.product-type.application";
		};
/* End PBXNativeTarget section */

/* Begin PBXProject section */
		C46196782C0D417F007D3B6B /* Project object */ = {
			isa = PBXProject;
			attributes = {
				BuildIndependentTargetsInParallel = 1;
				LastSwiftUpdateCheck = 1540;
				LastUpgradeCheck = 1540;
				TargetAttributes = {
					C461967F2C0D417F007D3B6B = {
						CreatedOnToolsVersion = 15.4;
					};
				};
			};
			buildConfigurationList = C461967B2C0D417F007D3B6B /* Build configuration list for PBXProject "network-basic" */;
			compatibilityVersion = "Xcode 14.0";
			developmentRegion = en;
			hasScannedForEncodings = 0;
			knownRegions = (
				en,
				Base,
			);
			mainGroup = C46196772C0D417F007D3B6B;
			packageReferences = (
				C46196C42C0EB1C1007D3B6B /* XCRemoteSwiftPackageReference "SnapKit" */,
				C46196CE2C0EEDB7007D3B6B /* XCRemoteSwiftPackageReference "Alamofire" */,
			);
			productRefGroup = C46196812C0D417F007D3B6B /* Products */;
			projectDirPath = "";
			projectRoot = "";
			targets = (
				C461967F2C0D417F007D3B6B /* network-basic */,
			);
		};
/* End PBXProject section */

/* Begin PBXResourcesBuildPhase section */
		C461967E2C0D417F007D3B6B /* Resources */ = {
			isa = PBXResourcesBuildPhase;
			buildActionMask = 2147483647;
			files = (
				C461969A2C0D42F1007D3B6B /* BasicTableViewCell.xib in Resources */,
				C461968D2C0D4180007D3B6B /* Assets.xcassets in Resources */,
				C46196902C0D4180007D3B6B /* Base in Resources */,
				C461968B2C0D417F007D3B6B /* Base in Resources */,
			);
			runOnlyForDeploymentPostprocessing = 0;
		};
/* End PBXResourcesBuildPhase section */

/* Begin PBXSourcesBuildPhase section */
		C461967C2C0D417F007D3B6B /* Sources */ = {
			isa = PBXSourcesBuildPhase;
			buildActionMask = 2147483647;
			files = (
				C46196A32C0D5A39007D3B6B /* UserViewController.swift in Sources */,
				C46196992C0D42F1007D3B6B /* BasicTableViewCell.swift in Sources */,
				C46196882C0D417F007D3B6B /* ViewController.swift in Sources */,
				C46196CA2C0EBC17007D3B6B /* Snap2ViewController.swift in Sources */,
				C46196C82C0EB311007D3B6B /* SnapViewController.swift in Sources */,
				C46196C12C0E9910007D3B6B /* FrameViewController.swift in Sources */,
				C46196842C0D417F007D3B6B /* AppDelegate.swift in Sources */,
				C46196A62C0D5F32007D3B6B /* AddEditViewController.swift in Sources */,
				C46196A12C0D57E3007D3B6B /* UIColor+Extension.swift in Sources */,
				C461969D2C0D458F007D3B6B /* ReuseableProtocol.swift in Sources */,
				C46196862C0D417F007D3B6B /* SceneDelegate.swift in Sources */,
				C46196CD2C0EED59007D3B6B /* LottoViewController.swift in Sources */,
				C47479F42C24037B00D421D7 /* Network.swift in Sources */,
				C46196C32C0EA264007D3B6B /* ConstraintsViewController.swift in Sources */,
			);
			runOnlyForDeploymentPostprocessing = 0;
		};
/* End PBXSourcesBuildPhase section */

/* Begin PBXVariantGroup section */
		C46196892C0D417F007D3B6B /* Main.storyboard */ = {
			isa = PBXVariantGroup;
			children = (
				C461968A2C0D417F007D3B6B /* Base */,
			);
			name = Main.storyboard;
			sourceTree = "<group>";
		};
		C461968E2C0D4180007D3B6B /* LaunchScreen.storyboard */ = {
			isa = PBXVariantGroup;
			children = (
				C461968F2C0D4180007D3B6B /* Base */,
			);
			name = LaunchScreen.storyboard;
			sourceTree = "<group>";
		};
/* End PBXVariantGroup section */

/* Begin XCBuildConfiguration section */
		C46196922C0D4180007D3B6B /* Debug */ = {
			isa = XCBuildConfiguration;
			buildSettings = {
				ALWAYS_SEARCH_USER_PATHS = NO;
				ASSETCATALOG_COMPILER_GENERATE_SWIFT_ASSET_SYMBOL_EXTENSIONS = YES;
				CLANG_ANALYZER_NONNULL = YES;
				CLANG_ANALYZER_NUMBER_OBJECT_CONVERSION = YES_AGGRESSIVE;
				CLANG_CXX_LANGUAGE_STANDARD = "gnu++20";
				CLANG_ENABLE_MODULES = YES;
				CLANG_ENABLE_OBJC_ARC = YES;
				CLANG_ENABLE_OBJC_WEAK = YES;
				CLANG_WARN_BLOCK_CAPTURE_AUTORELEASING = YES;
				CLANG_WARN_BOOL_CONVERSION = YES;
				CLANG_WARN_COMMA = YES;
				CLANG_WARN_CONSTANT_CONVERSION = YES;
				CLANG_WARN_DEPRECATED_OBJC_IMPLEMENTATIONS = YES;
				CLANG_WARN_DIRECT_OBJC_ISA_USAGE = YES_ERROR;
				CLANG_WARN_DOCUMENTATION_COMMENTS = YES;
				CLANG_WARN_EMPTY_BODY = YES;
				CLANG_WARN_ENUM_CONVERSION = YES;
				CLANG_WARN_INFINITE_RECURSION = YES;
				CLANG_WARN_INT_CONVERSION = YES;
				CLANG_WARN_NON_LITERAL_NULL_CONVERSION = YES;
				CLANG_WARN_OBJC_IMPLICIT_RETAIN_SELF = YES;
				CLANG_WARN_OBJC_LITERAL_CONVERSION = YES;
				CLANG_WARN_OBJC_ROOT_CLASS = YES_ERROR;
				CLANG_WARN_QUOTED_INCLUDE_IN_FRAMEWORK_HEADER = YES;
				CLANG_WARN_RANGE_LOOP_ANALYSIS = YES;
				CLANG_WARN_STRICT_PROTOTYPES = YES;
				CLANG_WARN_SUSPICIOUS_MOVE = YES;
				CLANG_WARN_UNGUARDED_AVAILABILITY = YES_AGGRESSIVE;
				CLANG_WARN_UNREACHABLE_CODE = YES;
				CLANG_WARN__DUPLICATE_METHOD_MATCH = YES;
				COPY_PHASE_STRIP = NO;
				DEBUG_INFORMATION_FORMAT = dwarf;
				ENABLE_STRICT_OBJC_MSGSEND = YES;
				ENABLE_TESTABILITY = YES;
				ENABLE_USER_SCRIPT_SANDBOXING = YES;
				GCC_C_LANGUAGE_STANDARD = gnu17;
				GCC_DYNAMIC_NO_PIC = NO;
				GCC_NO_COMMON_BLOCKS = YES;
				GCC_OPTIMIZATION_LEVEL = 0;
				GCC_PREPROCESSOR_DEFINITIONS = (
					"DEBUG=1",
					"$(inherited)",
				);
				GCC_WARN_64_TO_32_BIT_CONVERSION = YES;
				GCC_WARN_ABOUT_RETURN_TYPE = YES_ERROR;
				GCC_WARN_UNDECLARED_SELECTOR = YES;
				GCC_WARN_UNINITIALIZED_AUTOS = YES_AGGRESSIVE;
				GCC_WARN_UNUSED_FUNCTION = YES;
				GCC_WARN_UNUSED_VARIABLE = YES;
				IPHONEOS_DEPLOYMENT_TARGET = 17.5;
				LOCALIZATION_PREFERS_STRING_CATALOGS = YES;
				MTL_ENABLE_DEBUG_INFO = INCLUDE_SOURCE;
				MTL_FAST_MATH = YES;
				ONLY_ACTIVE_ARCH = YES;
				SDKROOT = iphoneos;
				SWIFT_ACTIVE_COMPILATION_CONDITIONS = "DEBUG $(inherited)";
				SWIFT_OPTIMIZATION_LEVEL = "-Onone";
			};
			name = Debug;
		};
		C46196932C0D4180007D3B6B /* Release */ = {
			isa = XCBuildConfiguration;
			buildSettings = {
				ALWAYS_SEARCH_USER_PATHS = NO;
				ASSETCATALOG_COMPILER_GENERATE_SWIFT_ASSET_SYMBOL_EXTENSIONS = YES;
				CLANG_ANALYZER_NONNULL = YES;
				CLANG_ANALYZER_NUMBER_OBJECT_CONVERSION = YES_AGGRESSIVE;
				CLANG_CXX_LANGUAGE_STANDARD = "gnu++20";
				CLANG_ENABLE_MODULES = YES;
				CLANG_ENABLE_OBJC_ARC = YES;
				CLANG_ENABLE_OBJC_WEAK = YES;
				CLANG_WARN_BLOCK_CAPTURE_AUTORELEASING = YES;
				CLANG_WARN_BOOL_CONVERSION = YES;
				CLANG_WARN_COMMA = YES;
				CLANG_WARN_CONSTANT_CONVERSION = YES;
				CLANG_WARN_DEPRECATED_OBJC_IMPLEMENTATIONS = YES;
				CLANG_WARN_DIRECT_OBJC_ISA_USAGE = YES_ERROR;
				CLANG_WARN_DOCUMENTATION_COMMENTS = YES;
				CLANG_WARN_EMPTY_BODY = YES;
				CLANG_WARN_ENUM_CONVERSION = YES;
				CLANG_WARN_INFINITE_RECURSION = YES;
				CLANG_WARN_INT_CONVERSION = YES;
				CLANG_WARN_NON_LITERAL_NULL_CONVERSION = YES;
				CLANG_WARN_OBJC_IMPLICIT_RETAIN_SELF = YES;
				CLANG_WARN_OBJC_LITERAL_CONVERSION = YES;
				CLANG_WARN_OBJC_ROOT_CLASS = YES_ERROR;
				CLANG_WARN_QUOTED_INCLUDE_IN_FRAMEWORK_HEADER = YES;
				CLANG_WARN_RANGE_LOOP_ANALYSIS = YES;
				CLANG_WARN_STRICT_PROTOTYPES = YES;
				CLANG_WARN_SUSPICIOUS_MOVE = YES;
				CLANG_WARN_UNGUARDED_AVAILABILITY = YES_AGGRESSIVE;
				CLANG_WARN_UNREACHABLE_CODE = YES;
				CLANG_WARN__DUPLICATE_METHOD_MATCH = YES;
				COPY_PHASE_STRIP = NO;
				DEBUG_INFORMATION_FORMAT = "dwarf-with-dsym";
				ENABLE_NS_ASSERTIONS = NO;
				ENABLE_STRICT_OBJC_MSGSEND = YES;
				ENABLE_USER_SCRIPT_SANDBOXING = YES;
				GCC_C_LANGUAGE_STANDARD = gnu17;
				GCC_NO_COMMON_BLOCKS = YES;
				GCC_WARN_64_TO_32_BIT_CONVERSION = YES;
				GCC_WARN_ABOUT_RETURN_TYPE = YES_ERROR;
				GCC_WARN_UNDECLARED_SELECTOR = YES;
				GCC_WARN_UNINITIALIZED_AUTOS = YES_AGGRESSIVE;
				GCC_WARN_UNUSED_FUNCTION = YES;
				GCC_WARN_UNUSED_VARIABLE = YES;
				IPHONEOS_DEPLOYMENT_TARGET = 17.5;
				LOCALIZATION_PREFERS_STRING_CATALOGS = YES;
				MTL_ENABLE_DEBUG_INFO = NO;
				MTL_FAST_MATH = YES;
				SDKROOT = iphoneos;
				SWIFT_COMPILATION_MODE = wholemodule;
				VALIDATE_PRODUCT = YES;
			};
			name = Release;
		};
		C46196952C0D4180007D3B6B /* Debug */ = {
			isa = XCBuildConfiguration;
			buildSettings = {
				ASSETCATALOG_COMPILER_APPICON_NAME = AppIcon;
				ASSETCATALOG_COMPILER_GLOBAL_ACCENT_COLOR_NAME = AccentColor;
				CODE_SIGN_STYLE = Automatic;
				CURRENT_PROJECT_VERSION = 1;
				DEVELOPMENT_TEAM = 95Z2W8U6PK;
				GENERATE_INFOPLIST_FILE = YES;
				INFOPLIST_FILE = "network-basic/Info.plist";
				INFOPLIST_KEY_CFBundleDisplayName = "네트워크";
				INFOPLIST_KEY_UIApplicationSupportsIndirectInputEvents = YES;
				INFOPLIST_KEY_UILaunchStoryboardName = LaunchScreen;
				INFOPLIST_KEY_UIMainStoryboardFile = Main;
				INFOPLIST_KEY_UISupportedInterfaceOrientations = UIInterfaceOrientationPortrait;
				INFOPLIST_KEY_UISupportedInterfaceOrientations_iPad = UIInterfaceOrientationPortrait;
				IPHONEOS_DEPLOYMENT_TARGET = 16.0;
				LD_RUNPATH_SEARCH_PATHS = (
					"$(inherited)",
					"@executable_path/Frameworks",
				);
				MARKETING_VERSION = 1.0;
				PRODUCT_BUNDLE_IDENTIFIER = "com.junehee.network-basic";
				PRODUCT_NAME = "$(TARGET_NAME)";
				SUPPORTED_PLATFORMS = "iphoneos iphonesimulator";
				SUPPORTS_MACCATALYST = NO;
				SUPPORTS_MAC_DESIGNED_FOR_IPHONE_IPAD = NO;
				SUPPORTS_XR_DESIGNED_FOR_IPHONE_IPAD = NO;
				SWIFT_EMIT_LOC_STRINGS = YES;
				SWIFT_VERSION = 5.0;
				TARGETED_DEVICE_FAMILY = 1;
			};
			name = Debug;
		};
		C46196962C0D4180007D3B6B /* Release */ = {
			isa = XCBuildConfiguration;
			buildSettings = {
				ASSETCATALOG_COMPILER_APPICON_NAME = AppIcon;
				ASSETCATALOG_COMPILER_GLOBAL_ACCENT_COLOR_NAME = AccentColor;
				CODE_SIGN_STYLE = Automatic;
				CURRENT_PROJECT_VERSION = 1;
				DEVELOPMENT_TEAM = 95Z2W8U6PK;
				GENERATE_INFOPLIST_FILE = YES;
				INFOPLIST_FILE = "network-basic/Info.plist";
				INFOPLIST_KEY_CFBundleDisplayName = "네트워크";
				INFOPLIST_KEY_UIApplicationSupportsIndirectInputEvents = YES;
				INFOPLIST_KEY_UILaunchStoryboardName = LaunchScreen;
				INFOPLIST_KEY_UIMainStoryboardFile = Main;
				INFOPLIST_KEY_UISupportedInterfaceOrientations = UIInterfaceOrientationPortrait;
				INFOPLIST_KEY_UISupportedInterfaceOrientations_iPad = UIInterfaceOrientationPortrait;
				IPHONEOS_DEPLOYMENT_TARGET = 16.0;
				LD_RUNPATH_SEARCH_PATHS = (
					"$(inherited)",
					"@executable_path/Frameworks",
				);
				MARKETING_VERSION = 1.0;
				PRODUCT_BUNDLE_IDENTIFIER = "com.junehee.network-basic";
				PRODUCT_NAME = "$(TARGET_NAME)";
				SUPPORTED_PLATFORMS = "iphoneos iphonesimulator";
				SUPPORTS_MACCATALYST = NO;
				SUPPORTS_MAC_DESIGNED_FOR_IPHONE_IPAD = NO;
				SUPPORTS_XR_DESIGNED_FOR_IPHONE_IPAD = NO;
				SWIFT_EMIT_LOC_STRINGS = YES;
				SWIFT_VERSION = 5.0;
				TARGETED_DEVICE_FAMILY = 1;
			};
			name = Release;
		};
/* End XCBuildConfiguration section */

/* Begin XCConfigurationList section */
		C461967B2C0D417F007D3B6B /* Build configuration list for PBXProject "network-basic" */ = {
			isa = XCConfigurationList;
			buildConfigurations = (
				C46196922C0D4180007D3B6B /* Debug */,
				C46196932C0D4180007D3B6B /* Release */,
			);
			defaultConfigurationIsVisible = 0;
			defaultConfigurationName = Release;
		};
		C46196942C0D4180007D3B6B /* Build configuration list for PBXNativeTarget "network-basic" */ = {
			isa = XCConfigurationList;
			buildConfigurations = (
				C46196952C0D4180007D3B6B /* Debug */,
				C46196962C0D4180007D3B6B /* Release */,
			);
			defaultConfigurationIsVisible = 0;
			defaultConfigurationName = Release;
		};
/* End XCConfigurationList section */

/* Begin XCRemoteSwiftPackageReference section */
		C46196C42C0EB1C1007D3B6B /* XCRemoteSwiftPackageReference "SnapKit" */ = {
			isa = XCRemoteSwiftPackageReference;
			repositoryURL = "https://github.com/SnapKit/SnapKit.git";
			requirement = {
				kind = upToNextMajorVersion;
				minimumVersion = 5.7.1;
			};
		};
		C46196CE2C0EEDB7007D3B6B /* XCRemoteSwiftPackageReference "Alamofire" */ = {
			isa = XCRemoteSwiftPackageReference;
			repositoryURL = "https://github.com/Alamofire/Alamofire.git";
			requirement = {
				kind = upToNextMajorVersion;
				minimumVersion = 5.9.1;
			};
		};
/* End XCRemoteSwiftPackageReference section */

/* Begin XCSwiftPackageProductDependency section */
		C46196C52C0EB1C2007D3B6B /* SnapKit */ = {
			isa = XCSwiftPackageProductDependency;
			package = C46196C42C0EB1C1007D3B6B /* XCRemoteSwiftPackageReference "SnapKit" */;
			productName = SnapKit;
		};
		C46196CF2C0EEDB7007D3B6B /* Alamofire */ = {
			isa = XCSwiftPackageProductDependency;
			package = C46196CE2C0EEDB7007D3B6B /* XCRemoteSwiftPackageReference "Alamofire" */;
			productName = Alamofire;
		};
/* End XCSwiftPackageProductDependency section */
	};
	rootObject = C46196782C0D417F007D3B6B /* Project object */;
}
